
Microsoft Visual Studio Solution File, Format Version 12.00
# Visual Studio Version 17
VisualStudioVersion = 17.0.32126.317
MinimumVisualStudioVersion = 10.0.40219.1
Project("{FAE04EC0-301F-11D3-BF4B-00C04F79EFBC}") = "RazorPizza", "RazorPizza\RazorPizza.csproj", "{954EEFD0-4448-4B56-AE2D-1F19C41D5C6F}"
EndProject
Global
	GlobalSection(SolutionConfigurationPlatforms) = preSolution
		Debug|Any CPU = Debug|Any CPU
		Release|Any CPU = Release|Any CPU
	EndGlobalSection
	GlobalSection(ProjectConfigurationPlatforms) = postSolution
		{954EEFD0-4448-4B56-AE2D-1F19C41D5C6F}.Debug|Any CPU.ActiveCfg = Debug|Any CPU
		{954EEFD0-4448-4B56-AE2D-1F19C41D5C6F}.Debug|Any CPU.Build.0 = Debug|Any CPU
		{954EEFD0-4448-4B56-AE2D-1F19C41D5C6F}.Release|Any CPU.ActiveCfg = Release|Any CPU
		{954EEFD0-4448-4B56-AE2D-1F19C41D5C6F}.Release|Any CPU.Build.0 = Release|Any CPU
	EndGlobalSection
	GlobalSection(SolutionProperties) = preSolution
		HideSolutionNode = FALSE
	EndGlobalSection
	GlobalSection(ExtensibilityGlobals) = postSolution
		SolutionGuid = {50E4C411-5B49-4F93-AAC9-CF0163DC517C}
	EndGlobalSection
EndGlobal
